
Microsoft Visual Studio Solution File, Format Version 12.00
# Visual Studio Version 17
VisualStudioVersion = 17.3.32901.215
MinimumVisualStudioVersion = 10.0.40219.1
Project("{FAE04EC0-301F-11D3-BF4B-00C04F79EFBC}") = "Step5", "Step5\Step5.csproj", "{4C854587-8B0E-4FBF-B5E7-DECCD434C49C}"
EndProject
Global
	GlobalSection(SolutionConfigurationPlatforms) = preSolution
		Debug|Any CPU = Debug|Any CPU
		Release|Any CPU = Release|Any CPU
	EndGlobalSection
	GlobalSection(ProjectConfigurationPlatforms) = postSolution
		{4C854587-8B0E-4FBF-B5E7-DECCD434C49C}.Debug|Any CPU.ActiveCfg = Debug|Any CPU
		{4C854587-8B0E-4FBF-B5E7-DECCD434C49C}.Debug|Any CPU.Build.0 = Debug|Any CPU
		{4C854587-8B0E-4FBF-B5E7-DECCD434C49C}.Release|Any CPU.ActiveCfg = Release|Any CPU
		{4C854587-8B0E-4FBF-B5E7-DECCD434C49C}.Release|Any CPU.Build.0 = Release|Any CPU
	EndGlobalSection
	GlobalSection(SolutionProperties) = preSolution
		HideSolutionNode = FALSE
	EndGlobalSection
	GlobalSection(ExtensibilityGlobals) = postSolution
		SolutionGuid = {A4F1E914-A5E5-4D6C-A335-0D5084058C72}
	EndGlobalSection
EndGlobal
